// !$*UTF8*$!
{
	archiveVersion = 1;
	classes = {
	};
	objectVersion = 46;
	objects = {

/* Begin PBXBuildFile section */
		4F7169A77766B8F4220D28E1 /* libPods-PhotoMatchingAppTests.a in Frameworks */ = {isa = PBXBuildFile; fileRef = 06FFB8C9B1873629261EFC24 /* libPods-PhotoMatchingAppTests.a */; };
		D34D18FFD3F53F2AC7865779 /* libPods-PhotoMatchingApp.a in Frameworks */ = {isa = PBXBuildFile; fileRef = B42C7BDAEFD91777254021E8 /* libPods-PhotoMatchingApp.a */; };
		E1946EED1DC4FF74000CF914 /* Photo.m in Sources */ = {isa = PBXBuildFile; fileRef = E1946EEC1DC4FF74000CF914 /* Photo.m */; };
		E1946EEE1DC4FF74000CF914 /* Photo.m in Sources */ = {isa = PBXBuildFile; fileRef = E1946EEC1DC4FF74000CF914 /* Photo.m */; };
		E1946EF01DC59EAF000CF914 /* libxml2.tbd in Frameworks */ = {isa = PBXBuildFile; fileRef = E1946EEF1DC59EAF000CF914 /* libxml2.tbd */; };
		E1D86E311DBB1EF600814A4A /* main.m in Sources */ = {isa = PBXBuildFile; fileRef = E1D86E301DBB1EF600814A4A /* main.m */; };
		E1D86E341DBB1EF600814A4A /* AppDelegate.m in Sources */ = {isa = PBXBuildFile; fileRef = E1D86E331DBB1EF600814A4A /* AppDelegate.m */; };
		E1D86E371DBB1EF600814A4A /* MainViewController.m in Sources */ = {isa = PBXBuildFile; fileRef = E1D86E361DBB1EF600814A4A /* MainViewController.m */; };
		E1D86E3A1DBB1EF600814A4A /* Main.storyboard in Resources */ = {isa = PBXBuildFile; fileRef = E1D86E381DBB1EF600814A4A /* Main.storyboard */; };
		E1D86E3C1DBB1EF600814A4A /* Assets.xcassets in Resources */ = {isa = PBXBuildFile; fileRef = E1D86E3B1DBB1EF600814A4A /* Assets.xcassets */; };
		E1D86E3F1DBB1EF600814A4A /* LaunchScreen.storyboard in Resources */ = {isa = PBXBuildFile; fileRef = E1D86E3D1DBB1EF600814A4A /* LaunchScreen.storyboard */; };
		E1D86E4A1DBB1EF600814A4A /* PhotoMatchingAppTests.m in Sources */ = {isa = PBXBuildFile; fileRef = E1D86E491DBB1EF600814A4A /* PhotoMatchingAppTests.m */; };
		E1D86E551DBB1EF600814A4A /* PhotoMatchingAppUITests.m in Sources */ = {isa = PBXBuildFile; fileRef = E1D86E541DBB1EF600814A4A /* PhotoMatchingAppUITests.m */; };
		E1D86E691DBB234100814A4A /* APIAcceccObject.m in Sources */ = {isa = PBXBuildFile; fileRef = E1D86E681DBB234100814A4A /* APIAcceccObject.m */; };
		E1D86E6D1DBB280C00814A4A /* Blog.m in Sources */ = {isa = PBXBuildFile; fileRef = E1D86E6C1DBB280C00814A4A /* Blog.m */; };
		E1D86E6E1DBB280C00814A4A /* Blog.m in Sources */ = {isa = PBXBuildFile; fileRef = E1D86E6C1DBB280C00814A4A /* Blog.m */; };
		E1D86E721DBB286000814A4A /* Constants.m in Sources */ = {isa = PBXBuildFile; fileRef = E1D86E711DBB286000814A4A /* Constants.m */; };
		E1D86E751DBB352800814A4A /* ResultTableViewCell.m in Sources */ = {isa = PBXBuildFile; fileRef = E1D86E741DBB352800814A4A /* ResultTableViewCell.m */; };
		E6F8A0A8499F5FDDF7529290 /* libPods-PhotoMatchingAppUITests.a in Frameworks */ = {isa = PBXBuildFile; fileRef = C1AEFE81978E374A2319DF49 /* libPods-PhotoMatchingAppUITests.a */; };
/* End PBXBuildFile section */

/* Begin PBXContainerItemProxy section */
		E1D86E461DBB1EF600814A4A /* PBXContainerItemProxy */ = {
			isa = PBXContainerItemProxy;
			containerPortal = E1D86E241DBB1EF500814A4A /* Project object */;
			proxyType = 1;
			remoteGlobalIDString = E1D86E2B1DBB1EF600814A4A;
			remoteInfo = PhotoMatchingApp;
		};
		E1D86E511DBB1EF600814A4A /* PBXContainerItemProxy */ = {
			isa = PBXContainerItemProxy;
			containerPortal = E1D86E241DBB1EF500814A4A /* Project object */;
			proxyType = 1;
			remoteGlobalIDString = E1D86E2B1DBB1EF600814A4A;
			remoteInfo = PhotoMatchingApp;
		};
/* End PBXContainerItemProxy section */

/* Begin PBXFileReference section */
		06FFB8C9B1873629261EFC24 /* libPods-PhotoMatchingAppTests.a */ = {isa = PBXFileReference; explicitFileType = archive.ar; includeInIndex = 0; path = "libPods-PhotoMatchingAppTests.a"; sourceTree = BUILT_PRODUCTS_DIR; };
		0F59FAE913A68AFC3E0AB464 /* Pods-PhotoMatchingAppUITests.release.xcconfig */ = {isa = PBXFileReference; includeInIndex = 1; lastKnownFileType = text.xcconfig; name = "Pods-PhotoMatchingAppUITests.release.xcconfig"; path = "Pods/Target Support Files/Pods-PhotoMatchingAppUITests/Pods-PhotoMatchingAppUITests.release.xcconfig"; sourceTree = "<group>"; };
		734EA4841ADE6C5EB600147D /* Pods-PhotoMatchingAppTests.release.xcconfig */ = {isa = PBXFileReference; includeInIndex = 1; lastKnownFileType = text.xcconfig; name = "Pods-PhotoMatchingAppTests.release.xcconfig"; path = "Pods/Target Support Files/Pods-PhotoMatchingAppTests/Pods-PhotoMatchingAppTests.release.xcconfig"; sourceTree = "<group>"; };
		9C355E40C2D3A4E0E91E5727 /* Pods-PhotoMatchingApp.release.xcconfig */ = {isa = PBXFileReference; includeInIndex = 1; lastKnownFileType = text.xcconfig; name = "Pods-PhotoMatchingApp.release.xcconfig"; path = "Pods/Target Support Files/Pods-PhotoMatchingApp/Pods-PhotoMatchingApp.release.xcconfig"; sourceTree = "<group>"; };
		B42C7BDAEFD91777254021E8 /* libPods-PhotoMatchingApp.a */ = {isa = PBXFileReference; explicitFileType = archive.ar; includeInIndex = 0; path = "libPods-PhotoMatchingApp.a"; sourceTree = BUILT_PRODUCTS_DIR; };
		C1AEFE81978E374A2319DF49 /* libPods-PhotoMatchingAppUITests.a */ = {isa = PBXFileReference; explicitFileType = archive.ar; includeInIndex = 0; path = "libPods-PhotoMatchingAppUITests.a"; sourceTree = BUILT_PRODUCTS_DIR; };
		C97709D47A0C3B132BCAE598 /* Pods-PhotoMatchingAppUITests.debug.xcconfig */ = {isa = PBXFileReference; includeInIndex = 1; lastKnownFileType = text.xcconfig; name = "Pods-PhotoMatchingAppUITests.debug.xcconfig"; path = "Pods/Target Support Files/Pods-PhotoMatchingAppUITests/Pods-PhotoMatchingAppUITests.debug.xcconfig"; sourceTree = "<group>"; };
		E1946EEB1DC4FF74000CF914 /* Photo.h */ = {isa = PBXFileReference; fileEncoding = 4; lastKnownFileType = sourcecode.c.h; name = Photo.h; path = Models/Photo.h; sourceTree = "<group>"; };
		E1946EEC1DC4FF74000CF914 /* Photo.m */ = {isa = PBXFileReference; fileEncoding = 4; lastKnownFileType = sourcecode.c.objc; name = Photo.m; path = Models/Photo.m; sourceTree = "<group>"; };
		E1946EEF1DC59EAF000CF914 /* libxml2.tbd */ = {isa = PBXFileReference; lastKnownFileType = "sourcecode.text-based-dylib-definition"; name = libxml2.tbd; path = usr/lib/libxml2.tbd; sourceTree = SDKROOT; };
		E1D86E2C1DBB1EF600814A4A /* PhotoMatchingApp.app */ = {isa = PBXFileReference; explicitFileType = wrapper.application; includeInIndex = 0; path = PhotoMatchingApp.app; sourceTree = BUILT_PRODUCTS_DIR; };
		E1D86E301DBB1EF600814A4A /* main.m */ = {isa = PBXFileReference; lastKnownFileType = sourcecode.c.objc; path = main.m; sourceTree = "<group>"; };
		E1D86E321DBB1EF600814A4A /* AppDelegate.h */ = {isa = PBXFileReference; lastKnownFileType = sourcecode.c.h; name = AppDelegate.h; path = Delegetes/AppDelegate.h; sourceTree = "<group>"; };
		E1D86E331DBB1EF600814A4A /* AppDelegate.m */ = {isa = PBXFileReference; lastKnownFileType = sourcecode.c.objc; name = AppDelegate.m; path = Delegetes/AppDelegate.m; sourceTree = "<group>"; };
		E1D86E351DBB1EF600814A4A /* MainViewController.h */ = {isa = PBXFileReference; lastKnownFileType = sourcecode.c.h; name = MainViewController.h; path = Controllers/MainViewController.h; sourceTree = "<group>"; };
		E1D86E361DBB1EF600814A4A /* MainViewController.m */ = {isa = PBXFileReference; lastKnownFileType = sourcecode.c.objc; name = MainViewController.m; path = Controllers/MainViewController.m; sourceTree = "<group>"; };
		E1D86E391DBB1EF600814A4A /* Base */ = {isa = PBXFileReference; lastKnownFileType = file.storyboard; name = Base; path = Base.lproj/Main.storyboard; sourceTree = "<group>"; };
		E1D86E3B1DBB1EF600814A4A /* Assets.xcassets */ = {isa = PBXFileReference; lastKnownFileType = folder.assetcatalog; path = Assets.xcassets; sourceTree = "<group>"; };
		E1D86E3E1DBB1EF600814A4A /* Base */ = {isa = PBXFileReference; lastKnownFileType = file.storyboard; name = Base; path = Base.lproj/LaunchScreen.storyboard; sourceTree = "<group>"; };
		E1D86E401DBB1EF600814A4A /* Info.plist */ = {isa = PBXFileReference; lastKnownFileType = text.plist.xml; path = Info.plist; sourceTree = "<group>"; };
		E1D86E451DBB1EF600814A4A /* PhotoMatchingAppTests.xctest */ = {isa = PBXFileReference; explicitFileType = wrapper.cfbundle; includeInIndex = 0; path = PhotoMatchingAppTests.xctest; sourceTree = BUILT_PRODUCTS_DIR; };
		E1D86E491DBB1EF600814A4A /* PhotoMatchingAppTests.m */ = {isa = PBXFileReference; lastKnownFileType = sourcecode.c.objc; path = PhotoMatchingAppTests.m; sourceTree = "<group>"; };
		E1D86E4B1DBB1EF600814A4A /* Info.plist */ = {isa = PBXFileReference; lastKnownFileType = text.plist.xml; path = Info.plist; sourceTree = "<group>"; };
		E1D86E501DBB1EF600814A4A /* PhotoMatchingAppUITests.xctest */ = {isa = PBXFileReference; explicitFileType = wrapper.cfbundle; includeInIndex = 0; path = PhotoMatchingAppUITests.xctest; sourceTree = BUILT_PRODUCTS_DIR; };
		E1D86E541DBB1EF600814A4A /* PhotoMatchingAppUITests.m */ = {isa = PBXFileReference; lastKnownFileType = sourcecode.c.objc; path = PhotoMatchingAppUITests.m; sourceTree = "<group>"; };
		E1D86E561DBB1EF600814A4A /* Info.plist */ = {isa = PBXFileReference; lastKnownFileType = text.plist.xml; path = Info.plist; sourceTree = "<group>"; };
		E1D86E671DBB234100814A4A /* APIAcceccObject.h */ = {isa = PBXFileReference; fileEncoding = 4; lastKnownFileType = sourcecode.c.h; name = APIAcceccObject.h; path = Utils/APIAcceccObject.h; sourceTree = "<group>"; };
		E1D86E681DBB234100814A4A /* APIAcceccObject.m */ = {isa = PBXFileReference; fileEncoding = 4; lastKnownFileType = sourcecode.c.objc; name = APIAcceccObject.m; path = Utils/APIAcceccObject.m; sourceTree = "<group>"; };
		E1D86E6B1DBB280C00814A4A /* Blog.h */ = {isa = PBXFileReference; fileEncoding = 4; lastKnownFileType = sourcecode.c.h; name = Blog.h; path = Models/Blog.h; sourceTree = "<group>"; };
		E1D86E6C1DBB280C00814A4A /* Blog.m */ = {isa = PBXFileReference; fileEncoding = 4; lastKnownFileType = sourcecode.c.objc; name = Blog.m; path = Models/Blog.m; sourceTree = "<group>"; };
		E1D86E701DBB286000814A4A /* Constants.h */ = {isa = PBXFileReference; fileEncoding = 4; lastKnownFileType = sourcecode.c.h; name = Constants.h; path = Commons/Constants.h; sourceTree = "<group>"; };
		E1D86E711DBB286000814A4A /* Constants.m */ = {isa = PBXFileReference; fileEncoding = 4; lastKnownFileType = sourcecode.c.objc; name = Constants.m; path = Commons/Constants.m; sourceTree = "<group>"; };
		E1D86E731DBB352800814A4A /* ResultTableViewCell.h */ = {isa = PBXFileReference; fileEncoding = 4; lastKnownFileType = sourcecode.c.h; path = ResultTableViewCell.h; sourceTree = "<group>"; };
		E1D86E741DBB352800814A4A /* ResultTableViewCell.m */ = {isa = PBXFileReference; fileEncoding = 4; lastKnownFileType = sourcecode.c.objc; path = ResultTableViewCell.m; sourceTree = "<group>"; };
		F0AF091227EA2C4A43CF5BFA /* Pods-PhotoMatchingApp.debug.xcconfig */ = {isa = PBXFileReference; includeInIndex = 1; lastKnownFileType = text.xcconfig; name = "Pods-PhotoMatchingApp.debug.xcconfig"; path = "Pods/Target Support Files/Pods-PhotoMatchingApp/Pods-PhotoMatchingApp.debug.xcconfig"; sourceTree = "<group>"; };
		F698CB27A6E69B2432EFC4CC /* Pods-PhotoMatchingAppTests.debug.xcconfig */ = {isa = PBXFileReference; includeInIndex = 1; lastKnownFileType = text.xcconfig; name = "Pods-PhotoMatchingAppTests.debug.xcconfig"; path = "Pods/Target Support Files/Pods-PhotoMatchingAppTests/Pods-PhotoMatchingAppTests.debug.xcconfig"; sourceTree = "<group>"; };
/* End PBXFileReference section */

/* Begin PBXFrameworksBuildPhase section */
		E1D86E291DBB1EF600814A4A /* Frameworks */ = {
			isa = PBXFrameworksBuildPhase;
			buildActionMask = 2147483647;
			files = (
				E1946EF01DC59EAF000CF914 /* libxml2.tbd in Frameworks */,
				D34D18FFD3F53F2AC7865779 /* libPods-PhotoMatchingApp.a in Frameworks */,
			);
			runOnlyForDeploymentPostprocessing = 0;
		};
		E1D86E421DBB1EF600814A4A /* Frameworks */ = {
			isa = PBXFrameworksBuildPhase;
			buildActionMask = 2147483647;
			files = (
				4F7169A77766B8F4220D28E1 /* libPods-PhotoMatchingAppTests.a in Frameworks */,
			);
			runOnlyForDeploymentPostprocessing = 0;
		};
		E1D86E4D1DBB1EF600814A4A /* Frameworks */ = {
			isa = PBXFrameworksBuildPhase;
			buildActionMask = 2147483647;
			files = (
				E6F8A0A8499F5FDDF7529290 /* libPods-PhotoMatchingAppUITests.a in Frameworks */,
			);
			runOnlyForDeploymentPostprocessing = 0;
		};
/* End PBXFrameworksBuildPhase section */

/* Begin PBXGroup section */
		53C30EAFBF9AE4397D9E70F2 /* Frameworks */ = {
			isa = PBXGroup;
			children = (
				E1946EEF1DC59EAF000CF914 /* libxml2.tbd */,
				B42C7BDAEFD91777254021E8 /* libPods-PhotoMatchingApp.a */,
				06FFB8C9B1873629261EFC24 /* libPods-PhotoMatchingAppTests.a */,
				C1AEFE81978E374A2319DF49 /* libPods-PhotoMatchingAppUITests.a */,
			);
			name = Frameworks;
			sourceTree = "<group>";
		};
		9EE0BA737D6D7576AFDC6381 /* Pods */ = {
			isa = PBXGroup;
			children = (
				F0AF091227EA2C4A43CF5BFA /* Pods-PhotoMatchingApp.debug.xcconfig */,
				9C355E40C2D3A4E0E91E5727 /* Pods-PhotoMatchingApp.release.xcconfig */,
				F698CB27A6E69B2432EFC4CC /* Pods-PhotoMatchingAppTests.debug.xcconfig */,
				734EA4841ADE6C5EB600147D /* Pods-PhotoMatchingAppTests.release.xcconfig */,
				C97709D47A0C3B132BCAE598 /* Pods-PhotoMatchingAppUITests.debug.xcconfig */,
				0F59FAE913A68AFC3E0AB464 /* Pods-PhotoMatchingAppUITests.release.xcconfig */,
			);
			name = Pods;
			sourceTree = "<group>";
		};
		E1D86E231DBB1EF500814A4A = {
			isa = PBXGroup;
			children = (
				E1D86E2E1DBB1EF600814A4A /* PhotoMatchingApp */,
				E1D86E481DBB1EF600814A4A /* PhotoMatchingAppTests */,
				E1D86E531DBB1EF600814A4A /* PhotoMatchingAppUITests */,
				E1D86E2D1DBB1EF600814A4A /* Products */,
				9EE0BA737D6D7576AFDC6381 /* Pods */,
				53C30EAFBF9AE4397D9E70F2 /* Frameworks */,
			);
			sourceTree = "<group>";
		};
		E1D86E2D1DBB1EF600814A4A /* Products */ = {
			isa = PBXGroup;
			children = (
				E1D86E2C1DBB1EF600814A4A /* PhotoMatchingApp.app */,
				E1D86E451DBB1EF600814A4A /* PhotoMatchingAppTests.xctest */,
				E1D86E501DBB1EF600814A4A /* PhotoMatchingAppUITests.xctest */,
			);
			name = Products;
			sourceTree = "<group>";
		};
		E1D86E2E1DBB1EF600814A4A /* PhotoMatchingApp */ = {
			isa = PBXGroup;
			children = (
				E1D86E6F1DBB283200814A4A /* Commons */,
				E1D86E661DBB22B200814A4A /* Delegetes */,
				E1D86E651DBB1F2300814A4A /* Utils */,
				E1D86E641DBB1F1B00814A4A /* Views */,
				E1D86E631DBB1F1100814A4A /* Controllers */,
				E1D86E621DBB1F0700814A4A /* Models */,
				E1D86E401DBB1EF600814A4A /* Info.plist */,
				E1D86E2F1DBB1EF600814A4A /* Supporting Files */,
			);
			path = PhotoMatchingApp;
			sourceTree = "<group>";
		};
		E1D86E2F1DBB1EF600814A4A /* Supporting Files */ = {
			isa = PBXGroup;
			children = (
				E1D86E3B1DBB1EF600814A4A /* Assets.xcassets */,
				E1D86E301DBB1EF600814A4A /* main.m */,
			);
			name = "Supporting Files";
			sourceTree = "<group>";
		};
		E1D86E481DBB1EF600814A4A /* PhotoMatchingAppTests */ = {
			isa = PBXGroup;
			children = (
				E1D86E491DBB1EF600814A4A /* PhotoMatchingAppTests.m */,
				E1D86E4B1DBB1EF600814A4A /* Info.plist */,
			);
			path = PhotoMatchingAppTests;
			sourceTree = "<group>";
		};
		E1D86E531DBB1EF600814A4A /* PhotoMatchingAppUITests */ = {
			isa = PBXGroup;
			children = (
				E1D86E541DBB1EF600814A4A /* PhotoMatchingAppUITests.m */,
				E1D86E561DBB1EF600814A4A /* Info.plist */,
			);
			path = PhotoMatchingAppUITests;
			sourceTree = "<group>";
		};
		E1D86E621DBB1F0700814A4A /* Models */ = {
			isa = PBXGroup;
			children = (
				E1D86E6B1DBB280C00814A4A /* Blog.h */,
				E1D86E6C1DBB280C00814A4A /* Blog.m */,
				E1946EEB1DC4FF74000CF914 /* Photo.h */,
				E1946EEC1DC4FF74000CF914 /* Photo.m */,
			);
			name = Models;
			sourceTree = "<group>";
		};
		E1D86E631DBB1F1100814A4A /* Controllers */ = {
			isa = PBXGroup;
			children = (
				E1D86E381DBB1EF600814A4A /* Main.storyboard */,
				E1D86E351DBB1EF600814A4A /* MainViewController.h */,
				E1D86E361DBB1EF600814A4A /* MainViewController.m */,
				E1D86E3D1DBB1EF600814A4A /* LaunchScreen.storyboard */,
			);
			name = Controllers;
			sourceTree = "<group>";
		};
		E1D86E641DBB1F1B00814A4A /* Views */ = {
			isa = PBXGroup;
			children = (
				E1D86E731DBB352800814A4A /* ResultTableViewCell.h */,
				E1D86E741DBB352800814A4A /* ResultTableViewCell.m */,
			);
			name = Views;
			sourceTree = "<group>";
		};
		E1D86E651DBB1F2300814A4A /* Utils */ = {
			isa = PBXGroup;
			children = (
				E1D86E671DBB234100814A4A /* APIAcceccObject.h */,
				E1D86E681DBB234100814A4A /* APIAcceccObject.m */,
			);
			name = Utils;
			sourceTree = "<group>";
		};
		E1D86E661DBB22B200814A4A /* Delegetes */ = {
			isa = PBXGroup;
			children = (
				E1D86E321DBB1EF600814A4A /* AppDelegate.h */,
				E1D86E331DBB1EF600814A4A /* AppDelegate.m */,
			);
			name = Delegetes;
			sourceTree = "<group>";
		};
		E1D86E6F1DBB283200814A4A /* Commons */ = {
			isa = PBXGroup;
			children = (
				E1D86E701DBB286000814A4A /* Constants.h */,
				E1D86E711DBB286000814A4A /* Constants.m */,
			);
			name = Commons;
			sourceTree = "<group>";
		};
/* End PBXGroup section */

/* Begin PBXNativeTarget section */
		E1D86E2B1DBB1EF600814A4A /* PhotoMatchingApp */ = {
			isa = PBXNativeTarget;
			buildConfigurationList = E1D86E591DBB1EF600814A4A /* Build configuration list for PBXNativeTarget "PhotoMatchingApp" */;
			buildPhases = (
				632C4551B2A194DD1EB14B71 /* [CP] Check Pods Manifest.lock */,
				E1D86E281DBB1EF600814A4A /* Sources */,
				E1D86E291DBB1EF600814A4A /* Frameworks */,
				E1D86E2A1DBB1EF600814A4A /* Resources */,
				3DB94C508370758264B1E036 /* [CP] Embed Pods Frameworks */,
				D92E2C04A613BD03AAEA934C /* [CP] Copy Pods Resources */,
			);
			buildRules = (
			);
			dependencies = (
			);
			name = PhotoMatchingApp;
			productName = PhotoMatchingApp;
			productReference = E1D86E2C1DBB1EF600814A4A /* PhotoMatchingApp.app */;
			productType = "com.apple.product-type.application";
		};
		E1D86E441DBB1EF600814A4A /* PhotoMatchingAppTests */ = {
			isa = PBXNativeTarget;
			buildConfigurationList = E1D86E5C1DBB1EF600814A4A /* Build configuration list for PBXNativeTarget "PhotoMatchingAppTests" */;
			buildPhases = (
				33C771CF9514F8670823B1DE /* [CP] Check Pods Manifest.lock */,
				E1D86E411DBB1EF600814A4A /* Sources */,
				E1D86E421DBB1EF600814A4A /* Frameworks */,
				E1D86E431DBB1EF600814A4A /* Resources */,
				A2EC7B8D8146BFD47D2A51A7 /* [CP] Embed Pods Frameworks */,
				00AD8C1013A4EFAE4068E636 /* [CP] Copy Pods Resources */,
			);
			buildRules = (
			);
			dependencies = (
				E1D86E471DBB1EF600814A4A /* PBXTargetDependency */,
			);
			name = PhotoMatchingAppTests;
			productName = PhotoMatchingAppTests;
			productReference = E1D86E451DBB1EF600814A4A /* PhotoMatchingAppTests.xctest */;
			productType = "com.apple.product-type.bundle.unit-test";
		};
		E1D86E4F1DBB1EF600814A4A /* PhotoMatchingAppUITests */ = {
			isa = PBXNativeTarget;
			buildConfigurationList = E1D86E5F1DBB1EF600814A4A /* Build configuration list for PBXNativeTarget "PhotoMatchingAppUITests" */;
			buildPhases = (
				C955BAC901BD0D4FBB964D56 /* [CP] Check Pods Manifest.lock */,
				E1D86E4C1DBB1EF600814A4A /* Sources */,
				E1D86E4D1DBB1EF600814A4A /* Frameworks */,
				E1D86E4E1DBB1EF600814A4A /* Resources */,
				F3522A6850742C8D4B3E50B8 /* [CP] Copy Pods Resources */,
			);
			buildRules = (
			);
			dependencies = (
				E1D86E521DBB1EF600814A4A /* PBXTargetDependency */,
			);
			name = PhotoMatchingAppUITests;
			productName = PhotoMatchingAppUITests;
			productReference = E1D86E501DBB1EF600814A4A /* PhotoMatchingAppUITests.xctest */;
			productType = "com.apple.product-type.bundle.ui-testing";
		};
/* End PBXNativeTarget section */

/* Begin PBXProject section */
		E1D86E241DBB1EF500814A4A /* Project object */ = {
			isa = PBXProject;
			attributes = {
				LastUpgradeCheck = 0730;
				ORGANIZATIONNAME = Kohey;
				TargetAttributes = {
					E1D86E2B1DBB1EF600814A4A = {
						CreatedOnToolsVersion = 7.3.1;
						DevelopmentTeam = 9D8UR7H9D4;
					};
					E1D86E441DBB1EF600814A4A = {
						CreatedOnToolsVersion = 7.3.1;
						TestTargetID = E1D86E2B1DBB1EF600814A4A;
					};
					E1D86E4F1DBB1EF600814A4A = {
						CreatedOnToolsVersion = 7.3.1;
						TestTargetID = E1D86E2B1DBB1EF600814A4A;
					};
				};
			};
			buildConfigurationList = E1D86E271DBB1EF500814A4A /* Build configuration list for PBXProject "PhotoMatchingApp" */;
			compatibilityVersion = "Xcode 3.2";
			developmentRegion = English;
			hasScannedForEncodings = 0;
			knownRegions = (
				en,
				Base,
			);
			mainGroup = E1D86E231DBB1EF500814A4A;
			productRefGroup = E1D86E2D1DBB1EF600814A4A /* Products */;
			projectDirPath = "";
			projectRoot = "";
			targets = (
				E1D86E2B1DBB1EF600814A4A /* PhotoMatchingApp */,
				E1D86E441DBB1EF600814A4A /* PhotoMatchingAppTests */,
				E1D86E4F1DBB1EF600814A4A /* PhotoMatchingAppUITests */,
			);
		};
/* End PBXProject section */

/* Begin PBXResourcesBuildPhase section */
		E1D86E2A1DBB1EF600814A4A /* Resources */ = {
			isa = PBXResourcesBuildPhase;
			buildActionMask = 2147483647;
			files = (
				E1D86E3F1DBB1EF600814A4A /* LaunchScreen.storyboard in Resources */,
				E1D86E3C1DBB1EF600814A4A /* Assets.xcassets in Resources */,
				E1D86E3A1DBB1EF600814A4A /* Main.storyboard in Resources */,
			);
			runOnlyForDeploymentPostprocessing = 0;
		};
		E1D86E431DBB1EF600814A4A /* Resources */ = {
			isa = PBXResourcesBuildPhase;
			buildActionMask = 2147483647;
			files = (
			);
			runOnlyForDeploymentPostprocessing = 0;
		};
		E1D86E4E1DBB1EF600814A4A /* Resources */ = {
			isa = PBXResourcesBuildPhase;
			buildActionMask = 2147483647;
			files = (
			);
			runOnlyForDeploymentPostprocessing = 0;
		};
/* End PBXResourcesBuildPhase section */

/* Begin PBXShellScriptBuildPhase section */
		00AD8C1013A4EFAE4068E636 /* [CP] Copy Pods Resources */ = {
			isa = PBXShellScriptBuildPhase;
			buildActionMask = 2147483647;
			files = (
			);
			inputPaths = (
			);
			name = "[CP] Copy Pods Resources";
			outputPaths = (
			);
			runOnlyForDeploymentPostprocessing = 0;
			shellPath = /bin/sh;
			shellScript = "\"${SRCROOT}/Pods/Target Support Files/Pods-PhotoMatchingAppTests/Pods-PhotoMatchingAppTests-resources.sh\"\n";
			showEnvVarsInLog = 0;
		};
		33C771CF9514F8670823B1DE /* [CP] Check Pods Manifest.lock */ = {
			isa = PBXShellScriptBuildPhase;
			buildActionMask = 2147483647;
			files = (
			);
			inputPaths = (
			);
			name = "[CP] Check Pods Manifest.lock";
			outputPaths = (
			);
			runOnlyForDeploymentPostprocessing = 0;
			shellPath = /bin/sh;
			shellScript = "diff \"${PODS_ROOT}/../Podfile.lock\" \"${PODS_ROOT}/Manifest.lock\" > /dev/null\nif [[ $? != 0 ]] ; then\n    cat << EOM\nerror: The sandbox is not in sync with the Podfile.lock. Run 'pod install' or update your CocoaPods installation.\nEOM\n    exit 1\nfi\n";
			showEnvVarsInLog = 0;
		};
		3DB94C508370758264B1E036 /* [CP] Embed Pods Frameworks */ = {
			isa = PBXShellScriptBuildPhase;
			buildActionMask = 2147483647;
			files = (
			);
			inputPaths = (
			);
			name = "[CP] Embed Pods Frameworks";
			outputPaths = (
			);
			runOnlyForDeploymentPostprocessing = 0;
			shellPath = /bin/sh;
			shellScript = "\"${SRCROOT}/Pods/Target Support Files/Pods-PhotoMatchingApp/Pods-PhotoMatchingApp-frameworks.sh\"\n";
			showEnvVarsInLog = 0;
		};
		632C4551B2A194DD1EB14B71 /* [CP] Check Pods Manifest.lock */ = {
			isa = PBXShellScriptBuildPhase;
			buildActionMask = 2147483647;
			files = (
			);
			inputPaths = (
			);
			name = "[CP] Check Pods Manifest.lock";
			outputPaths = (
			);
			runOnlyForDeploymentPostprocessing = 0;
			shellPath = /bin/sh;
			shellScript = "diff \"${PODS_ROOT}/../Podfile.lock\" \"${PODS_ROOT}/Manifest.lock\" > /dev/null\nif [[ $? != 0 ]] ; then\n    cat << EOM\nerror: The sandbox is not in sync with the Podfile.lock. Run 'pod install' or update your CocoaPods installation.\nEOM\n    exit 1\nfi\n";
			showEnvVarsInLog = 0;
		};
		A2EC7B8D8146BFD47D2A51A7 /* [CP] Embed Pods Frameworks */ = {
			isa = PBXShellScriptBuildPhase;
			buildActionMask = 2147483647;
			files = (
			);
			inputPaths = (
			);
			name = "[CP] Embed Pods Frameworks";
			outputPaths = (
			);
			runOnlyForDeploymentPostprocessing = 0;
			shellPath = /bin/sh;
			shellScript = "\"${SRCROOT}/Pods/Target Support Files/Pods-PhotoMatchingAppTests/Pods-PhotoMatchingAppTests-frameworks.sh\"\n";
			showEnvVarsInLog = 0;
		};
		C955BAC901BD0D4FBB964D56 /* [CP] Check Pods Manifest.lock */ = {
			isa = PBXShellScriptBuildPhase;
			buildActionMask = 2147483647;
			files = (
			);
			inputPaths = (
			);
			name = "[CP] Check Pods Manifest.lock";
			outputPaths = (
			);
			runOnlyForDeploymentPostprocessing = 0;
			shellPath = /bin/sh;
			shellScript = "diff \"${PODS_ROOT}/../Podfile.lock\" \"${PODS_ROOT}/Manifest.lock\" > /dev/null\nif [[ $? != 0 ]] ; then\n    cat << EOM\nerror: The sandbox is not in sync with the Podfile.lock. Run 'pod install' or update your CocoaPods installation.\nEOM\n    exit 1\nfi\n";
			showEnvVarsInLog = 0;
		};
		D92E2C04A613BD03AAEA934C /* [CP] Copy Pods Resources */ = {
			isa = PBXShellScriptBuildPhase;
			buildActionMask = 2147483647;
			files = (
			);
			inputPaths = (
			);
			name = "[CP] Copy Pods Resources";
			outputPaths = (
			);
			runOnlyForDeploymentPostprocessing = 0;
			shellPath = /bin/sh;
			shellScript = "\"${SRCROOT}/Pods/Target Support Files/Pods-PhotoMatchingApp/Pods-PhotoMatchingApp-resources.sh\"\n";
			showEnvVarsInLog = 0;
		};
		F3522A6850742C8D4B3E50B8 /* [CP] Copy Pods Resources */ = {
			isa = PBXShellScriptBuildPhase;
			buildActionMask = 2147483647;
			files = (
			);
			inputPaths = (
			);
			name = "[CP] Copy Pods Resources";
			outputPaths = (
			);
			runOnlyForDeploymentPostprocessing = 0;
			shellPath = /bin/sh;
			shellScript = "\"${SRCROOT}/Pods/Target Support Files/Pods-PhotoMatchingAppUITests/Pods-PhotoMatchingAppUITests-resources.sh\"\n";
			showEnvVarsInLog = 0;
		};
/* End PBXShellScriptBuildPhase section */

/* Begin PBXSourcesBuildPhase section */
		E1D86E281DBB1EF600814A4A /* Sources */ = {
			isa = PBXSourcesBuildPhase;
			buildActionMask = 2147483647;
			files = (
				E1D86E6D1DBB280C00814A4A /* Blog.m in Sources */,
				E1D86E371DBB1EF600814A4A /* MainViewController.m in Sources */,
				E1D86E341DBB1EF600814A4A /* AppDelegate.m in Sources */,
				E1D86E311DBB1EF600814A4A /* main.m in Sources */,
				E1946EED1DC4FF74000CF914 /* Photo.m in Sources */,
				E1D86E691DBB234100814A4A /* APIAcceccObject.m in Sources */,
				E1D86E751DBB352800814A4A /* ResultTableViewCell.m in Sources */,
				E1D86E721DBB286000814A4A /* Constants.m in Sources */,
			);
			runOnlyForDeploymentPostprocessing = 0;
		};
		E1D86E411DBB1EF600814A4A /* Sources */ = {
			isa = PBXSourcesBuildPhase;
			buildActionMask = 2147483647;
			files = (
				E1946EEE1DC4FF74000CF914 /* Photo.m in Sources */,
				E1D86E4A1DBB1EF600814A4A /* PhotoMatchingAppTests.m in Sources */,
				E1D86E6E1DBB280C00814A4A /* Blog.m in Sources */,
			);
			runOnlyForDeploymentPostprocessing = 0;
		};
		E1D86E4C1DBB1EF600814A4A /* Sources */ = {
			isa = PBXSourcesBuildPhase;
			buildActionMask = 2147483647;
			files = (
				E1D86E551DBB1EF600814A4A /* PhotoMatchingAppUITests.m in Sources */,
			);
			runOnlyForDeploymentPostprocessing = 0;
		};
/* End PBXSourcesBuildPhase section */

/* Begin PBXTargetDependency section */
		E1D86E471DBB1EF600814A4A /* PBXTargetDependency */ = {
			isa = PBXTargetDependency;
			target = E1D86E2B1DBB1EF600814A4A /* PhotoMatchingApp */;
			targetProxy = E1D86E461DBB1EF600814A4A /* PBXContainerItemProxy */;
		};
		E1D86E521DBB1EF600814A4A /* PBXTargetDependency */ = {
			isa = PBXTargetDependency;
			target = E1D86E2B1DBB1EF600814A4A /* PhotoMatchingApp */;
			targetProxy = E1D86E511DBB1EF600814A4A /* PBXContainerItemProxy */;
		};
/* End PBXTargetDependency section */

/* Begin PBXVariantGroup section */
		E1D86E381DBB1EF600814A4A /* Main.storyboard */ = {
			isa = PBXVariantGroup;
			children = (
				E1D86E391DBB1EF600814A4A /* Base */,
			);
			name = Main.storyboard;
			sourceTree = "<group>";
		};
		E1D86E3D1DBB1EF600814A4A /* LaunchScreen.storyboard */ = {
			isa = PBXVariantGroup;
			children = (
				E1D86E3E1DBB1EF600814A4A /* Base */,
			);
			name = LaunchScreen.storyboard;
			sourceTree = "<group>";
		};
/* End PBXVariantGroup section */

/* Begin XCBuildConfiguration section */
		E1D86E571DBB1EF600814A4A /* Debug */ = {
			isa = XCBuildConfiguration;
			buildSettings = {
				ALWAYS_SEARCH_USER_PATHS = NO;
				CLANG_ANALYZER_NONNULL = YES;
				CLANG_CXX_LANGUAGE_STANDARD = "gnu++0x";
				CLANG_CXX_LIBRARY = "libc++";
				CLANG_ENABLE_MODULES = YES;
				CLANG_ENABLE_OBJC_ARC = YES;
				CLANG_WARN_BOOL_CONVERSION = YES;
				CLANG_WARN_CONSTANT_CONVERSION = YES;
				CLANG_WARN_DIRECT_OBJC_ISA_USAGE = YES_ERROR;
				CLANG_WARN_EMPTY_BODY = YES;
				CLANG_WARN_ENUM_CONVERSION = YES;
				CLANG_WARN_INT_CONVERSION = YES;
				CLANG_WARN_OBJC_ROOT_CLASS = YES_ERROR;
				CLANG_WARN_UNREACHABLE_CODE = YES;
				CLANG_WARN__DUPLICATE_METHOD_MATCH = YES;
				"CODE_SIGN_IDENTITY[sdk=iphoneos*]" = "iPhone Developer";
				COPY_PHASE_STRIP = NO;
				DEBUG_INFORMATION_FORMAT = dwarf;
				ENABLE_STRICT_OBJC_MSGSEND = YES;
				ENABLE_TESTABILITY = YES;
				GCC_C_LANGUAGE_STANDARD = gnu99;
				GCC_DYNAMIC_NO_PIC = NO;
				GCC_NO_COMMON_BLOCKS = YES;
				GCC_OPTIMIZATION_LEVEL = 0;
				GCC_PREPROCESSOR_DEFINITIONS = (
					"DEBUG=1",
					"$(inherited)",
				);
				GCC_WARN_64_TO_32_BIT_CONVERSION = YES;
				GCC_WARN_ABOUT_RETURN_TYPE = YES_ERROR;
				GCC_WARN_UNDECLARED_SELECTOR = YES;
				GCC_WARN_UNINITIALIZED_AUTOS = YES_AGGRESSIVE;
				GCC_WARN_UNUSED_FUNCTION = YES;
				GCC_WARN_UNUSED_VARIABLE = YES;
				IPHONEOS_DEPLOYMENT_TARGET = 8.0;
				MTL_ENABLE_DEBUG_INFO = YES;
				ONLY_ACTIVE_ARCH = YES;
				SDKROOT = iphoneos;
			};
			name = Debug;
		};
		E1D86E581DBB1EF600814A4A /* Release */ = {
			isa = XCBuildConfiguration;
			buildSettings = {
				ALWAYS_SEARCH_USER_PATHS = NO;
				CLANG_ANALYZER_NONNULL = YES;
				CLANG_CXX_LANGUAGE_STANDARD = "gnu++0x";
				CLANG_CXX_LIBRARY = "libc++";
				CLANG_ENABLE_MODULES = YES;
				CLANG_ENABLE_OBJC_ARC = YES;
				CLANG_WARN_BOOL_CONVERSION = YES;
				CLANG_WARN_CONSTANT_CONVERSION = YES;
				CLANG_WARN_DIRECT_OBJC_ISA_USAGE = YES_ERROR;
				CLANG_WARN_EMPTY_BODY = YES;
				CLANG_WARN_ENUM_CONVERSION = YES;
				CLANG_WARN_INT_CONVERSION = YES;
				CLANG_WARN_OBJC_ROOT_CLASS = YES_ERROR;
				CLANG_WARN_UNREACHABLE_CODE = YES;
				CLANG_WARN__DUPLICATE_METHOD_MATCH = YES;
				"CODE_SIGN_IDENTITY[sdk=iphoneos*]" = "iPhone Developer";
				COPY_PHASE_STRIP = NO;
				DEBUG_INFORMATION_FORMAT = "dwarf-with-dsym";
				ENABLE_NS_ASSERTIONS = NO;
				ENABLE_STRICT_OBJC_MSGSEND = YES;
				GCC_C_LANGUAGE_STANDARD = gnu99;
				GCC_NO_COMMON_BLOCKS = YES;
				GCC_WARN_64_TO_32_BIT_CONVERSION = YES;
				GCC_WARN_ABOUT_RETURN_TYPE = YES_ERROR;
				GCC_WARN_UNDECLARED_SELECTOR = YES;
				GCC_WARN_UNINITIALIZED_AUTOS = YES_AGGRESSIVE;
				GCC_WARN_UNUSED_FUNCTION = YES;
				GCC_WARN_UNUSED_VARIABLE = YES;
				IPHONEOS_DEPLOYMENT_TARGET = 8.0;
				MTL_ENABLE_DEBUG_INFO = NO;
				SDKROOT = iphoneos;
				VALIDATE_PRODUCT = YES;
			};
			name = Release;
		};
		E1D86E5A1DBB1EF600814A4A /* Debug */ = {
			isa = XCBuildConfiguration;
			baseConfigurationReference = F0AF091227EA2C4A43CF5BFA /* Pods-PhotoMatchingApp.debug.xcconfig */;
			buildSettings = {
				ASSETCATALOG_COMPILER_APPICON_NAME = AppIcon;
				CODE_SIGN_IDENTITY = "iPhone Developer";
				"CODE_SIGN_IDENTITY[sdk=iphoneos*]" = "iPhone Developer";
				INFOPLIST_FILE = PhotoMatchingApp/Info.plist;
				IPHONEOS_DEPLOYMENT_TARGET = 8.0;
				LD_RUNPATH_SEARCH_PATHS = "$(inherited) @executable_path/Frameworks";
				PRODUCT_BUNDLE_IDENTIFIER = jp.kohei.PhotoMatchingApp;
				PRODUCT_NAME = "$(TARGET_NAME)";
				PROVISIONING_PROFILE = "";
			};
			name = Debug;
		};
		E1D86E5B1DBB1EF600814A4A /* Release */ = {
			isa = XCBuildConfiguration;
			baseConfigurationReference = 9C355E40C2D3A4E0E91E5727 /* Pods-PhotoMatchingApp.release.xcconfig */;
			buildSettings = {
				ASSETCATALOG_COMPILER_APPICON_NAME = AppIcon;
				CODE_SIGN_IDENTITY = "iPhone Developer";
				"CODE_SIGN_IDENTITY[sdk=iphoneos*]" = "iPhone Developer";
				INFOPLIST_FILE = PhotoMatchingApp/Info.plist;
				IPHONEOS_DEPLOYMENT_TARGET = 8.0;
				LD_RUNPATH_SEARCH_PATHS = "$(inherited) @executable_path/Frameworks";
				PRODUCT_BUNDLE_IDENTIFIER = jp.kohei.PhotoMatchingApp;
				PRODUCT_NAME = "$(TARGET_NAME)";
				PROVISIONING_PROFILE = "";
			};
			name = Release;
		};
		E1D86E5D1DBB1EF600814A4A /* Debug */ = {
			isa = XCBuildConfiguration;
			baseConfigurationReference = F698CB27A6E69B2432EFC4CC /* Pods-PhotoMatchingAppTests.debug.xcconfig */;
			buildSettings = {
				BUNDLE_LOADER = "$(TEST_HOST)";
				INFOPLIST_FILE = PhotoMatchingAppTests/Info.plist;
				LD_RUNPATH_SEARCH_PATHS = "$(inherited) @executable_path/Frameworks @loader_path/Frameworks";
				PRODUCT_BUNDLE_IDENTIFIER = jp.kohei.PhotoMatchingAppTests;
				PRODUCT_NAME = "$(TARGET_NAME)";
				TEST_HOST = "$(BUILT_PRODUCTS_DIR)/PhotoMatchingApp.app/PhotoMatchingApp";
			};
			name = Debug;
		};
		E1D86E5E1DBB1EF600814A4A /* Release */ = {
			isa = XCBuildConfiguration;
			baseConfigurationReference = 734EA4841ADE6C5EB600147D /* Pods-PhotoMatchingAppTests.release.xcconfig */;
			buildSettings = {
				BUNDLE_LOADER = "$(TEST_HOST)";
				INFOPLIST_FILE = PhotoMatchingAppTests/Info.plist;
				LD_RUNPATH_SEARCH_PATHS = "$(inherited) @executable_path/Frameworks @loader_path/Frameworks";
				PRODUCT_BUNDLE_IDENTIFIER = jp.kohei.PhotoMatchingAppTests;
				PRODUCT_NAME = "$(TARGET_NAME)";
				TEST_HOST = "$(BUILT_PRODUCTS_DIR)/PhotoMatchingApp.app/PhotoMatchingApp";
			};
			name = Release;
		};
		E1D86E601DBB1EF600814A4A /* Debug */ = {
			isa = XCBuildConfiguration;
			baseConfigurationReference = C97709D47A0C3B132BCAE598 /* Pods-PhotoMatchingAppUITests.debug.xcconfig */;
			buildSettings = {
				INFOPLIST_FILE = PhotoMatchingAppUITests/Info.plist;
				LD_RUNPATH_SEARCH_PATHS = "$(inherited) @executable_path/Frameworks @loader_path/Frameworks";
				PRODUCT_BUNDLE_IDENTIFIER = jp.kohei.PhotoMatchingAppUITests;
				PRODUCT_NAME = "$(TARGET_NAME)";
				TEST_TARGET_NAME = PhotoMatchingApp;
			};
			name = Debug;
		};
		E1D86E611DBB1EF600814A4A /* Release */ = {
			isa = XCBuildConfiguration;
			baseConfigurationReference = 0F59FAE913A68AFC3E0AB464 /* Pods-PhotoMatchingAppUITests.release.xcconfig */;
			buildSettings = {
				INFOPLIST_FILE = PhotoMatchingAppUITests/Info.plist;
				LD_RUNPATH_SEARCH_PATHS = "$(inherited) @executable_path/Frameworks @loader_path/Frameworks";
				PRODUCT_BUNDLE_IDENTIFIER = jp.kohei.PhotoMatchingAppUITests;
				PRODUCT_NAME = "$(TARGET_NAME)";
				TEST_TARGET_NAME = PhotoMatchingApp;
			};
			name = Release;
		};
/* End XCBuildConfiguration section */

/* Begin XCConfigurationList section */
		E1D86E271DBB1EF500814A4A /* Build configuration list for PBXProject "PhotoMatchingApp" */ = {
			isa = XCConfigurationList;
			buildConfigurations = (
				E1D86E571DBB1EF600814A4A /* Debug */,
				E1D86E581DBB1EF600814A4A /* Release */,
			);
			defaultConfigurationIsVisible = 0;
			defaultConfigurationName = Release;
		};
		E1D86E591DBB1EF600814A4A /* Build configuration list for PBXNativeTarget "PhotoMatchingApp" */ = {
			isa = XCConfigurationList;
			buildConfigurations = (
				E1D86E5A1DBB1EF600814A4A /* Debug */,
				E1D86E5B1DBB1EF600814A4A /* Release */,
			);
			defaultConfigurationIsVisible = 0;
			defaultConfigurationName = Release;
		};
		E1D86E5C1DBB1EF600814A4A /* Build configuration list for PBXNativeTarget "PhotoMatchingAppTests" */ = {
			isa = XCConfigurationList;
			buildConfigurations = (
				E1D86E5D1DBB1EF600814A4A /* Debug */,
				E1D86E5E1DBB1EF600814A4A /* Release */,
			);
			defaultConfigurationIsVisible = 0;
			defaultConfigurationName = Release;
		};
		E1D86E5F1DBB1EF600814A4A /* Build configuration list for PBXNativeTarget "PhotoMatchingAppUITests" */ = {
			isa = XCConfigurationList;
			buildConfigurations = (
				E1D86E601DBB1EF600814A4A /* Debug */,
				E1D86E611DBB1EF600814A4A /* Release */,
			);
			defaultConfigurationIsVisible = 0;
			defaultConfigurationName = Release;
		};
/* End XCConfigurationList section */
	};
	rootObject = E1D86E241DBB1EF500814A4A /* Project object */;
}
